
Microsoft Visual Studio Solution File, Format Version 12.00
# Visual Studio Version 17
VisualStudioVersion = 17.0.32014.148
MinimumVisualStudioVersion = 10.0.40219.1
Project("{FAE04EC0-301F-11D3-BF4B-00C04F79EFBC}") = "MvcWebUI", "MvcWebUI\MvcWebUI.csproj", "{354770EA-6C8C-4744-95BD-F300BCC7349C}"
EndProject
Project("{9A19103F-16F7-4668-BE54-9A1E7A4F7556}") = "AppCore", "..\ETicaretCoreYagiz\AppCore\AppCore.csproj", "{D0DBA346-BFA1-4B5D-885D-BE88E40D681A}"
EndProject
Project("{9A19103F-16F7-4668-BE54-9A1E7A4F7556}") = "Business", "..\ETicaretCoreYagiz\Business\Business.csproj", "{652DF53B-4AA1-4CAC-AF29-85B2223C6633}"
EndProject
Project("{9A19103F-16F7-4668-BE54-9A1E7A4F7556}") = "DataAccess", "..\ETicaretCoreYagiz\DataAccess\DataAccess.csproj", "{0246EBF5-9073-4021-8CA2-162C4D83D093}"
EndProject
Global
	GlobalSection(SolutionConfigurationPlatforms) = preSolution
		Debug|Any CPU = Debug|Any CPU
		Release|Any CPU = Release|Any CPU
	EndGlobalSection
	GlobalSection(ProjectConfigurationPlatforms) = postSolution
		{354770EA-6C8C-4744-95BD-F300BCC7349C}.Debug|Any CPU.ActiveCfg = Debug|Any CPU
		{354770EA-6C8C-4744-95BD-F300BCC7349C}.Debug|Any CPU.Build.0 = Debug|Any CPU
		{354770EA-6C8C-4744-95BD-F300BCC7349C}.Release|Any CPU.ActiveCfg = Release|Any CPU
		{354770EA-6C8C-4744-95BD-F300BCC7349C}.Release|Any CPU.Build.0 = Release|Any CPU
		{D0DBA346-BFA1-4B5D-885D-BE88E40D681A}.Debug|Any CPU.ActiveCfg = Debug|Any CPU
		{D0DBA346-BFA1-4B5D-885D-BE88E40D681A}.Debug|Any CPU.Build.0 = Debug|Any CPU
		{D0DBA346-BFA1-4B5D-885D-BE88E40D681A}.Release|Any CPU.ActiveCfg = Release|Any CPU
		{D0DBA346-BFA1-4B5D-885D-BE88E40D681A}.Release|Any CPU.Build.0 = Release|Any CPU
		{652DF53B-4AA1-4CAC-AF29-85B2223C6633}.Debug|Any CPU.ActiveCfg = Debug|Any CPU
		{652DF53B-4AA1-4CAC-AF29-85B2223C6633}.Debug|Any CPU.Build.0 = Debug|Any CPU
		{652DF53B-4AA1-4CAC-AF29-85B2223C6633}.Release|Any CPU.ActiveCfg = Release|Any CPU
		{652DF53B-4AA1-4CAC-AF29-85B2223C6633}.Release|Any CPU.Build.0 = Release|Any CPU
		{0246EBF5-9073-4021-8CA2-162C4D83D093}.Debug|Any CPU.ActiveCfg = Debug|Any CPU
		{0246EBF5-9073-4021-8CA2-162C4D83D093}.Debug|Any CPU.Build.0 = Debug|Any CPU
		{0246EBF5-9073-4021-8CA2-162C4D83D093}.Release|Any CPU.ActiveCfg = Release|Any CPU
		{0246EBF5-9073-4021-8CA2-162C4D83D093}.Release|Any CPU.Build.0 = Release|Any CPU
	EndGlobalSection
	GlobalSection(SolutionProperties) = preSolution
		HideSolutionNode = FALSE
	EndGlobalSection
	GlobalSection(ExtensibilityGlobals) = postSolution
		SolutionGuid = {BFC2A516-035E-40C7-8DAA-0DEA4F63CB77}
	EndGlobalSection
EndGlobal
